
Microsoft Visual Studio Solution File, Format Version 12.00
# Visual Studio Version 16
VisualStudioVersion = 25.0.1705.0
MinimumVisualStudioVersion = 10.0.40219.1
Project("{FAE04EC0-301F-11D3-BF4B-00C04F79EFBC}") = "Lab5", "Lab5\Lab5.csproj", "{21918908-6852-47CC-B7CB-2FEC402CE0D7}"
EndProject
Global
	GlobalSection(SolutionConfigurationPlatforms) = preSolution
		Debug|Any CPU = Debug|Any CPU
		Release|Any CPU = Release|Any CPU
	EndGlobalSection
	GlobalSection(ProjectConfigurationPlatforms) = postSolution
		{21918908-6852-47CC-B7CB-2FEC402CE0D7}.Debug|Any CPU.ActiveCfg = Debug|Any CPU
		{21918908-6852-47CC-B7CB-2FEC402CE0D7}.Debug|Any CPU.Build.0 = Debug|Any CPU
		{21918908-6852-47CC-B7CB-2FEC402CE0D7}.Release|Any CPU.ActiveCfg = Release|Any CPU
		{21918908-6852-47CC-B7CB-2FEC402CE0D7}.Release|Any CPU.Build.0 = Release|Any CPU
	EndGlobalSection
	GlobalSection(SolutionProperties) = preSolution
		HideSolutionNode = FALSE
	EndGlobalSection
	GlobalSection(ExtensibilityGlobals) = postSolution
		SolutionGuid = {7343D746-970A-4FF2-AF8F-F16A7C4EF51E}
	EndGlobalSection
EndGlobal
